
Microsoft Visual Studio Solution File, Format Version 12.00
# Visual Studio 2012
Project("{FAE04EC0-301F-11D3-BF4B-00C04F79EFBC}") = "ZZSystem", "ZZSystem\ZZSystem.csproj", "{3E6F2646-9747-431E-84BA-95112FCA805D}"
EndProject
Global
	GlobalSection(SolutionConfigurationPlatforms) = preSolution
		Debug|x86 = Debug|x86
		Release|x86 = Release|x86
	EndGlobalSection
	GlobalSection(ProjectConfigurationPlatforms) = postSolution
		{3E6F2646-9747-431E-84BA-95112FCA805D}.Debug|x86.ActiveCfg = Debug|x86
		{3E6F2646-9747-431E-84BA-95112FCA805D}.Debug|x86.Build.0 = Debug|x86
		{3E6F2646-9747-431E-84BA-95112FCA805D}.Release|x86.ActiveCfg = Release|x86
		{3E6F2646-9747-431E-84BA-95112FCA805D}.Release|x86.Build.0 = Release|x86
	EndGlobalSection
	GlobalSection(MonoDevelopProperties) = preSolution
		Policies = $0
		$0.DotNetNamingPolicy = $1
		$1.DirectoryNamespaceAssociation = PrefixedHierarchical
		$0.TextStylePolicy = $2
		$2.inheritsSet = null
		$2.scope = text/x-json
		$0.JSONFormattingPolicy = $3
		$3.AutoStructureCompletion = True
		$3.BracePositions = SemiExpanded
		$3.FormatOnPaste = True
		$3.scope = text/x-json
		$0.TextStylePolicy = $4
		$4.inheritsSet = null
		$4.scope = text/x-web
		$0.TextStylePolicy = $5
		$5.inheritsSet = null
		$5.scope = text/x-vs
		$0.TextStylePolicy = $6
		$6.FileWidth = 80
		$6.TabsToSpaces = True
		$6.scope = text/plain
		$0.TextStylePolicy = $7
		$7.inheritsSet = null
		$7.scope = application/config+xml
		$0.XmlFormattingPolicy = $8
		$8.inheritsSet = null
		$8.scope = application/config+xml
		$0.TextStylePolicy = $9
		$9.inheritsSet = null
		$9.scope = application/xml
		$0.XmlFormattingPolicy = $10
		$10.scope = application/xml
		$0.TextStylePolicy = $11
		$11.FileWidth = 80
		$11.TabsToSpaces = True
		$11.scope = text/x-csharp
		$0.CSharpFormattingPolicy = $12
		$12.scope = text/x-csharp
		$0.TextStylePolicy = $13
		$13.inheritsSet = null
		$13.scope = application/vnd.apple-xcode-storyboard
		$0.XmlFormattingPolicy = $14
		$14.inheritsSet = null
		$14.scope = application/vnd.apple-xcode-storyboard
		$0.StandardHeader = $15
		$0.VersionControlPolicy = $16
	EndGlobalSection
EndGlobal
